// !$*UTF8*$!
{
	archiveVersion = 1;
	classes = {
	};
	objectVersion = 46;
	objects = {

/* Begin PBXFileReference section */
		A3E0783C1DCAE04900F6CC70 /* nummers.py */ = {isa = PBXFileReference; fileEncoding = 4; lastKnownFileType = text.script.python; path = nummers.py; sourceTree = "<group>"; };
		A3E0783D1DCAE24A00F6CC70 /* readwritefiles.py */ = {isa = PBXFileReference; fileEncoding = 4; lastKnownFileType = text.script.python; path = readwritefiles.py; sourceTree = "<group>"; };
		A3E0783E1DCB8C8C00F6CC70 /* uitvoeren.py */ = {isa = PBXFileReference; fileEncoding = 4; lastKnownFileType = text.script.python; path = uitvoeren.py; sourceTree = "<group>"; };
		A3E0783F1DCBA20200F6CC70 /* GUI_creation.py */ = {isa = PBXFileReference; fileEncoding = 4; lastKnownFileType = text.script.python; path = GUI_creation.py; sourceTree = "<group>"; };
		A3E078401DCBC29800F6CC70 /* airbnb.py */ = {isa = PBXFileReference; fileEncoding = 4; lastKnownFileType = text.script.python; path = airbnb.py; sourceTree = "<group>"; xcLanguageSpecificationIdentifier = xcode.lang.python; };
		A3E078411DCBC94000F6CC70 /* year_to_age.py */ = {isa = PBXFileReference; fileEncoding = 4; lastKnownFileType = text.script.python; path = year_to_age.py; sourceTree = "<group>"; };
		A3E078421DCC188900F6CC70 /* readCSV.py */ = {isa = PBXFileReference; fileEncoding = 4; lastKnownFileType = text.script.python; path = readCSV.py; sourceTree = "<group>"; xcLanguageSpecificationIdentifier = xcode.lang.python; };
		A3E078431DCE743700F6CC70 /* correlations.py */ = {isa = PBXFileReference; fileEncoding = 4; lastKnownFileType = text.script.python; path = correlations.py; sourceTree = "<group>"; };
		A3E078441DCE7B9800F6CC70 /* scatterplot.py */ = {isa = PBXFileReference; fileEncoding = 4; lastKnownFileType = text.script.python; path = scatterplot.py; sourceTree = "<group>"; };
		A3E078451DCEC32800F6CC70 /* filesearch.py */ = {isa = PBXFileReference; fileEncoding = 4; lastKnownFileType = text.script.python; path = filesearch.py; sourceTree = "<group>"; };
/* End PBXFileReference section */

/* Begin PBXGroup section */
		A3E078311DCADF8C00F6CC70 = {
			isa = PBXGroup;
			children = (
				A3E078451DCEC32800F6CC70 /* filesearch.py */,
				A3E0783C1DCAE04900F6CC70 /* nummers.py */,
				A3E0783D1DCAE24A00F6CC70 /* readwritefiles.py */,
				A3E0783F1DCBA20200F6CC70 /* GUI_creation.py */,
				A3E0783E1DCB8C8C00F6CC70 /* uitvoeren.py */,
				A3E078401DCBC29800F6CC70 /* airbnb.py */,
				A3E078421DCC188900F6CC70 /* readCSV.py */,
				A3E078431DCE743700F6CC70 /* correlations.py */,
				A3E078441DCE7B9800F6CC70 /* scatterplot.py */,
				A3E078411DCBC94000F6CC70 /* year_to_age.py */,
			);
			sourceTree = "<group>";
		};
/* End PBXGroup section */

/* Begin PBXLegacyTarget section */
		A3E078361DCADF8C00F6CC70 /* sandbox */ = {
			isa = PBXLegacyTarget;
			buildArgumentsString = "$(ACTION)";
			buildConfigurationList = A3E078391DCADF8C00F6CC70 /* Build configuration list for PBXLegacyTarget "sandbox" */;
			buildPhases = (
			);
			buildToolPath = /Users/ianwls/anaconda/bin/python;
			dependencies = (
			);
			name = sandbox;
			passBuildSettingsInEnvironment = 1;
			productName = sandbox;
		};
/* End PBXLegacyTarget section */

/* Begin PBXProject section */
		A3E078321DCADF8C00F6CC70 /* Project object */ = {
			isa = PBXProject;
			attributes = {
				LastUpgradeCheck = 0720;
				ORGANIZATIONNAME = "Ian Willems";
				TargetAttributes = {
					A3E078361DCADF8C00F6CC70 = {
						CreatedOnToolsVersion = 7.2;
					};
				};
			};
			buildConfigurationList = A3E078351DCADF8C00F6CC70 /* Build configuration list for PBXProject "sandbox" */;
			compatibilityVersion = "Xcode 3.2";
			developmentRegion = English;
			hasScannedForEncodings = 0;
			knownRegions = (
				en,
			);
			mainGroup = A3E078311DCADF8C00F6CC70;
			projectDirPath = "";
			projectRoot = "";
			targets = (
				A3E078361DCADF8C00F6CC70 /* sandbox */,
			);
		};
/* End PBXProject section */

/* Begin XCBuildConfiguration section */
		A3E078371DCADF8C00F6CC70 /* Debug */ = {
			isa = XCBuildConfiguration;
			buildSettings = {
				ALWAYS_SEARCH_USER_PATHS = NO;
				CLANG_CXX_LANGUAGE_STANDARD = "gnu++0x";
				CLANG_CXX_LIBRARY = "libc++";
				CLANG_ENABLE_MODULES = YES;
				CLANG_ENABLE_OBJC_ARC = YES;
				CLANG_WARN_BOOL_CONVERSION = YES;
				CLANG_WARN_CONSTANT_CONVERSION = YES;
				CLANG_WARN_DIRECT_OBJC_ISA_USAGE = YES_ERROR;
				CLANG_WARN_EMPTY_BODY = YES;
				CLANG_WARN_ENUM_CONVERSION = YES;
				CLANG_WARN_INT_CONVERSION = YES;
				CLANG_WARN_OBJC_ROOT_CLASS = YES_ERROR;
				CLANG_WARN_UNREACHABLE_CODE = YES;
				CLANG_WARN__DUPLICATE_METHOD_MATCH = YES;
				COPY_PHASE_STRIP = NO;
				DEBUG_INFORMATION_FORMAT = dwarf;
				ENABLE_STRICT_OBJC_MSGSEND = YES;
				ENABLE_TESTABILITY = YES;
				GCC_C_LANGUAGE_STANDARD = gnu99;
				GCC_DYNAMIC_NO_PIC = NO;
				GCC_NO_COMMON_BLOCKS = YES;
				GCC_OPTIMIZATION_LEVEL = 0;
				GCC_PREPROCESSOR_DEFINITIONS = (
					"DEBUG=1",
					"$(inherited)",
				);
				GCC_WARN_64_TO_32_BIT_CONVERSION = YES;
				GCC_WARN_ABOUT_RETURN_TYPE = YES_ERROR;
				GCC_WARN_UNDECLARED_SELECTOR = YES;
				GCC_WARN_UNINITIALIZED_AUTOS = YES_AGGRESSIVE;
				GCC_WARN_UNUSED_FUNCTION = YES;
				GCC_WARN_UNUSED_VARIABLE = YES;
				MTL_ENABLE_DEBUG_INFO = YES;
				ONLY_ACTIVE_ARCH = YES;
			};
			name = Debug;
		};
		A3E078381DCADF8C00F6CC70 /* Release */ = {
			isa = XCBuildConfiguration;
			buildSettings = {
				ALWAYS_SEARCH_USER_PATHS = NO;
				CLANG_CXX_LANGUAGE_STANDARD = "gnu++0x";
				CLANG_CXX_LIBRARY = "libc++";
				CLANG_ENABLE_MODULES = YES;
				CLANG_ENABLE_OBJC_ARC = YES;
				CLANG_WARN_BOOL_CONVERSION = YES;
				CLANG_WARN_CONSTANT_CONVERSION = YES;
				CLANG_WARN_DIRECT_OBJC_ISA_USAGE = YES_ERROR;
				CLANG_WARN_EMPTY_BODY = YES;
				CLANG_WARN_ENUM_CONVERSION = YES;
				CLANG_WARN_INT_CONVERSION = YES;
				CLANG_WARN_OBJC_ROOT_CLASS = YES_ERROR;
				CLANG_WARN_UNREACHABLE_CODE = YES;
				CLANG_WARN__DUPLICATE_METHOD_MATCH = YES;
				COPY_PHASE_STRIP = NO;
				DEBUG_INFORMATION_FORMAT = "dwarf-with-dsym";
				ENABLE_NS_ASSERTIONS = NO;
				ENABLE_STRICT_OBJC_MSGSEND = YES;
				GCC_C_LANGUAGE_STANDARD = gnu99;
				GCC_NO_COMMON_BLOCKS = YES;
				GCC_WARN_64_TO_32_BIT_CONVERSION = YES;
				GCC_WARN_ABOUT_RETURN_TYPE = YES_ERROR;
				GCC_WARN_UNDECLARED_SELECTOR = YES;
				GCC_WARN_UNINITIALIZED_AUTOS = YES_AGGRESSIVE;
				GCC_WARN_UNUSED_FUNCTION = YES;
				GCC_WARN_UNUSED_VARIABLE = YES;
				MTL_ENABLE_DEBUG_INFO = NO;
			};
			name = Release;
		};
		A3E0783A1DCADF8C00F6CC70 /* Debug */ = {
			isa = XCBuildConfiguration;
			buildSettings = {
				DEBUGGING_SYMBOLS = YES;
				DEBUG_INFORMATION_FORMAT = dwarf;
				GCC_GENERATE_DEBUGGING_SYMBOLS = YES;
				GCC_OPTIMIZATION_LEVEL = 0;
				OTHER_CFLAGS = "";
				OTHER_LDFLAGS = "";
				PRODUCT_NAME = "$(TARGET_NAME)";
			};
			name = Debug;
		};
		A3E0783B1DCADF8C00F6CC70 /* Release */ = {
			isa = XCBuildConfiguration;
			buildSettings = {
				DEBUG_INFORMATION_FORMAT = "dwarf-with-dsym";
				OTHER_CFLAGS = "";
				OTHER_LDFLAGS = "";
				PRODUCT_NAME = "$(TARGET_NAME)";
			};
			name = Release;
		};
/* End XCBuildConfiguration section */

/* Begin XCConfigurationList section */
		A3E078351DCADF8C00F6CC70 /* Build configuration list for PBXProject "sandbox" */ = {
			isa = XCConfigurationList;
			buildConfigurations = (
				A3E078371DCADF8C00F6CC70 /* Debug */,
				A3E078381DCADF8C00F6CC70 /* Release */,
			);
			defaultConfigurationIsVisible = 0;
			defaultConfigurationName = Release;
		};
		A3E078391DCADF8C00F6CC70 /* Build configuration list for PBXLegacyTarget "sandbox" */ = {
			isa = XCConfigurationList;
			buildConfigurations = (
				A3E0783A1DCADF8C00F6CC70 /* Debug */,
				A3E0783B1DCADF8C00F6CC70 /* Release */,
			);
			defaultConfigurationIsVisible = 0;
		};
/* End XCConfigurationList section */
	};
	rootObject = A3E078321DCADF8C00F6CC70 /* Project object */;
}
